// !$*UTF8*$!
{
	archiveVersion = 1;
	classes = {
	};
	objectVersion = 50;
	objects = {

/* Begin PBXBuildFile section */
		BEAB38D1235DF6EB004BEDDF /* AppDelegate.swift in Sources */ = {isa = PBXBuildFile; fileRef = BEAB38D0235DF6EB004BEDDF /* AppDelegate.swift */; };
		BEAB38D3235DF6EB004BEDDF /* SceneDelegate.swift in Sources */ = {isa = PBXBuildFile; fileRef = BEAB38D2235DF6EB004BEDDF /* SceneDelegate.swift */; };
		BEAB38D5235DF6EB004BEDDF /* ViewController.swift in Sources */ = {isa = PBXBuildFile; fileRef = BEAB38D4235DF6EB004BEDDF /* ViewController.swift */; };
		BEAB38D8235DF6EB004BEDDF /* Main.storyboard in Resources */ = {isa = PBXBuildFile; fileRef = BEAB38D6235DF6EB004BEDDF /* Main.storyboard */; };
		BEAB38DB235DF6EB004BEDDF /* EventTracker.xcdatamodeld in Sources */ = {isa = PBXBuildFile; fileRef = BEAB38D9235DF6EB004BEDDF /* EventTracker.xcdatamodeld */; };
		BEAB38DD235DF6EF004BEDDF /* Assets.xcassets in Resources */ = {isa = PBXBuildFile; fileRef = BEAB38DC235DF6EF004BEDDF /* Assets.xcassets */; };
		BEAB38E0235DF6EF004BEDDF /* LaunchScreen.storyboard in Resources */ = {isa = PBXBuildFile; fileRef = BEAB38DE235DF6EF004BEDDF /* LaunchScreen.storyboard */; };
		BEAB38E9235DF888004BEDDF /* HomeViewController.swift in Sources */ = {isa = PBXBuildFile; fileRef = BEAB38E8235DF888004BEDDF /* HomeViewController.swift */; };
		BEAB38EB235DF910004BEDDF /* Home.storyboard in Resources */ = {isa = PBXBuildFile; fileRef = BEAB38EA235DF910004BEDDF /* Home.storyboard */; };
/* End PBXBuildFile section */

/* Begin PBXFileReference section */
		BEAB38CD235DF6EB004BEDDF /* EventTracker.app */ = {isa = PBXFileReference; explicitFileType = wrapper.application; includeInIndex = 0; path = EventTracker.app; sourceTree = BUILT_PRODUCTS_DIR; };
		BEAB38D0235DF6EB004BEDDF /* AppDelegate.swift */ = {isa = PBXFileReference; lastKnownFileType = sourcecode.swift; path = AppDelegate.swift; sourceTree = "<group>"; };
		BEAB38D2235DF6EB004BEDDF /* SceneDelegate.swift */ = {isa = PBXFileReference; lastKnownFileType = sourcecode.swift; path = SceneDelegate.swift; sourceTree = "<group>"; };
		BEAB38D4235DF6EB004BEDDF /* ViewController.swift */ = {isa = PBXFileReference; lastKnownFileType = sourcecode.swift; path = ViewController.swift; sourceTree = "<group>"; };
		BEAB38D7235DF6EB004BEDDF /* Base */ = {isa = PBXFileReference; lastKnownFileType = file.storyboard; name = Base; path = Base.lproj/Main.storyboard; sourceTree = "<group>"; };
		BEAB38DA235DF6EB004BEDDF /* EventTracker.xcdatamodel */ = {isa = PBXFileReference; lastKnownFileType = wrapper.xcdatamodel; path = EventTracker.xcdatamodel; sourceTree = "<group>"; };
		BEAB38DC235DF6EF004BEDDF /* Assets.xcassets */ = {isa = PBXFileReference; lastKnownFileType = folder.assetcatalog; path = Assets.xcassets; sourceTree = "<group>"; };
		BEAB38DF235DF6EF004BEDDF /* Base */ = {isa = PBXFileReference; lastKnownFileType = file.storyboard; name = Base; path = Base.lproj/LaunchScreen.storyboard; sourceTree = "<group>"; };
		BEAB38E1235DF6EF004BEDDF /* Info.plist */ = {isa = PBXFileReference; lastKnownFileType = text.plist.xml; path = Info.plist; sourceTree = "<group>"; };
		BEAB38E8235DF888004BEDDF /* HomeViewController.swift */ = {isa = PBXFileReference; lastKnownFileType = sourcecode.swift; path = HomeViewController.swift; sourceTree = "<group>"; };
		BEAB38EA235DF910004BEDDF /* Home.storyboard */ = {isa = PBXFileReference; lastKnownFileType = file.storyboard; path = Home.storyboard; sourceTree = "<group>"; };
/* End PBXFileReference section */

/* Begin PBXFrameworksBuildPhase section */
		BEAB38CA235DF6EB004BEDDF /* Frameworks */ = {
			isa = PBXFrameworksBuildPhase;
			buildActionMask = 2147483647;
			files = (
			);
			runOnlyForDeploymentPostprocessing = 0;
		};
/* End PBXFrameworksBuildPhase section */

/* Begin PBXGroup section */
		BEAB38C4235DF6EB004BEDDF = {
			isa = PBXGroup;
			children = (
				BEAB38CF235DF6EB004BEDDF /* EventTracker */,
				BEAB38CE235DF6EB004BEDDF /* Products */,
			);
			sourceTree = "<group>";
		};
		BEAB38CE235DF6EB004BEDDF /* Products */ = {
			isa = PBXGroup;
			children = (
				BEAB38CD235DF6EB004BEDDF /* EventTracker.app */,
			);
			name = Products;
			sourceTree = "<group>";
		};
		BEAB38CF235DF6EB004BEDDF /* EventTracker */ = {
			isa = PBXGroup;
			children = (
				BEAB38E7235DF862004BEDDF /* Home */,
				BEAB38D0235DF6EB004BEDDF /* AppDelegate.swift */,
				BEAB38D2235DF6EB004BEDDF /* SceneDelegate.swift */,
				BEAB38D4235DF6EB004BEDDF /* ViewController.swift */,
				BEAB38D6235DF6EB004BEDDF /* Main.storyboard */,
				BEAB38DC235DF6EF004BEDDF /* Assets.xcassets */,
				BEAB38DE235DF6EF004BEDDF /* LaunchScreen.storyboard */,
				BEAB38E1235DF6EF004BEDDF /* Info.plist */,
				BEAB38D9235DF6EB004BEDDF /* EventTracker.xcdatamodeld */,
			);
			path = EventTracker;
			sourceTree = "<group>";
		};
		BEAB38E7235DF862004BEDDF /* Home */ = {
			isa = PBXGroup;
			children = (
				BEAB38E8235DF888004BEDDF /* HomeViewController.swift */,
				BEAB38EA235DF910004BEDDF /* Home.storyboard */,
			);
			path = Home;
			sourceTree = "<group>";
		};
/* End PBXGroup section */

/* Begin PBXNativeTarget section */
		BEAB38CC235DF6EB004BEDDF /* EventTracker */ = {
			isa = PBXNativeTarget;
			buildConfigurationList = BEAB38E4235DF6EF004BEDDF /* Build configuration list for PBXNativeTarget "EventTracker" */;
			buildPhases = (
				BEAB38C9235DF6EB004BEDDF /* Sources */,
				BEAB38CA235DF6EB004BEDDF /* Frameworks */,
				BEAB38CB235DF6EB004BEDDF /* Resources */,
			);
			buildRules = (
			);
			dependencies = (
			);
			name = EventTracker;
			productName = EventTracker;
			productReference = BEAB38CD235DF6EB004BEDDF /* EventTracker.app */;
			productType = "com.apple.product-type.application";
		};
/* End PBXNativeTarget section */

/* Begin PBXProject section */
		BEAB38C5235DF6EB004BEDDF /* Project object */ = {
			isa = PBXProject;
			attributes = {
				LastSwiftUpdateCheck = 1110;
				LastUpgradeCheck = 1110;
				ORGANIZATIONNAME = "Noah Flaniken";
				TargetAttributes = {
					BEAB38CC235DF6EB004BEDDF = {
						CreatedOnToolsVersion = 11.1;
					};
				};
			};
			buildConfigurationList = BEAB38C8235DF6EB004BEDDF /* Build configuration list for PBXProject "EventTracker" */;
			compatibilityVersion = "Xcode 9.3";
			developmentRegion = en;
			hasScannedForEncodings = 0;
			knownRegions = (
				en,
				Base,
			);
			mainGroup = BEAB38C4235DF6EB004BEDDF;
			productRefGroup = BEAB38CE235DF6EB004BEDDF /* Products */;
			projectDirPath = "";
			projectRoot = "";
			targets = (
				BEAB38CC235DF6EB004BEDDF /* EventTracker */,
			);
		};
/* End PBXProject section */

/* Begin PBXResourcesBuildPhase section */
		BEAB38CB235DF6EB004BEDDF /* Resources */ = {
			isa = PBXResourcesBuildPhase;
			buildActionMask = 2147483647;
			files = (
				BEAB38E0235DF6EF004BEDDF /* LaunchScreen.storyboard in Resources */,
				BEAB38DD235DF6EF004BEDDF /* Assets.xcassets in Resources */,
				BEAB38D8235DF6EB004BEDDF /* Main.storyboard in Resources */,
				BEAB38EB235DF910004BEDDF /* Home.storyboard in Resources */,
			);
			runOnlyForDeploymentPostprocessing = 0;
		};
/* End PBXResourcesBuildPhase section */

/* Begin PBXSourcesBuildPhase section */
		BEAB38C9235DF6EB004BEDDF /* Sources */ = {
			isa = PBXSourcesBuildPhase;
			buildActionMask = 2147483647;
			files = (
				BEAB38E9235DF888004BEDDF /* HomeViewController.swift in Sources */,
				BEAB38D5235DF6EB004BEDDF /* ViewController.swift in Sources */,
				BEAB38D1235DF6EB004BEDDF /* AppDelegate.swift in Sources */,
				BEAB38D3235DF6EB004BEDDF /* SceneDelegate.swift in Sources */,
				BEAB38DB235DF6EB004BEDDF /* EventTracker.xcdatamodeld in Sources */,
			);
			runOnlyForDeploymentPostprocessing = 0;
		};
/* End PBXSourcesBuildPhase section */

/* Begin PBXVariantGroup section */
		BEAB38D6235DF6EB004BEDDF /* Main.storyboard */ = {
			isa = PBXVariantGroup;
			children = (
				BEAB38D7235DF6EB004BEDDF /* Base */,
			);
			name = Main.storyboard;
			sourceTree = "<group>";
		};
		BEAB38DE235DF6EF004BEDDF /* LaunchScreen.storyboard */ = {
			isa = PBXVariantGroup;
			children = (
				BEAB38DF235DF6EF004BEDDF /* Base */,
			);
			name = LaunchScreen.storyboard;
			sourceTree = "<group>";
		};
/* End PBXVariantGroup section */

/* Begin XCBuildConfiguration section */
		BEAB38E2235DF6EF004BEDDF /* Debug */ = {
			isa = XCBuildConfiguration;
			buildSettings = {
				ALWAYS_SEARCH_USER_PATHS = NO;
				CLANG_ANALYZER_NONNULL = YES;
				CLANG_ANALYZER_NUMBER_OBJECT_CONVERSION = YES_AGGRESSIVE;
				CLANG_CXX_LANGUAGE_STANDARD = "gnu++14";
				CLANG_CXX_LIBRARY = "libc++";
				CLANG_ENABLE_MODULES = YES;
				CLANG_ENABLE_OBJC_ARC = YES;
				CLANG_ENABLE_OBJC_WEAK = YES;
				CLANG_WARN_BLOCK_CAPTURE_AUTORELEASING = YES;
				CLANG_WARN_BOOL_CONVERSION = YES;
				CLANG_WARN_COMMA = YES;
				CLANG_WARN_CONSTANT_CONVERSION = YES;
				CLANG_WARN_DEPRECATED_OBJC_IMPLEMENTATIONS = YES;
				CLANG_WARN_DIRECT_OBJC_ISA_USAGE = YES_ERROR;
				CLANG_WARN_DOCUMENTATION_COMMENTS = YES;
				CLANG_WARN_EMPTY_BODY = YES;
				CLANG_WARN_ENUM_CONVERSION = YES;
				CLANG_WARN_INFINITE_RECURSION = YES;
				CLANG_WARN_INT_CONVERSION = YES;
				CLANG_WARN_NON_LITERAL_NULL_CONVERSION = YES;
				CLANG_WARN_OBJC_IMPLICIT_RETAIN_SELF = YES;
				CLANG_WARN_OBJC_LITERAL_CONVERSION = YES;
				CLANG_WARN_OBJC_ROOT_CLASS = YES_ERROR;
				CLANG_WARN_RANGE_LOOP_ANALYSIS = YES;
				CLANG_WARN_STRICT_PROTOTYPES = YES;
				CLANG_WARN_SUSPICIOUS_MOVE = YES;
				CLANG_WARN_UNGUARDED_AVAILABILITY = YES_AGGRESSIVE;
				CLANG_WARN_UNREACHABLE_CODE = YES;
				CLANG_WARN__DUPLICATE_METHOD_MATCH = YES;
				COPY_PHASE_STRIP = NO;
				DEBUG_INFORMATION_FORMAT = dwarf;
				ENABLE_STRICT_OBJC_MSGSEND = YES;
				ENABLE_TESTABILITY = YES;
				GCC_C_LANGUAGE_STANDARD = gnu11;
				GCC_DYNAMIC_NO_PIC = NO;
				GCC_NO_COMMON_BLOCKS = YES;
				GCC_OPTIMIZATION_LEVEL = 0;
				GCC_PREPROCESSOR_DEFINITIONS = (
					"DEBUG=1",
					"$(inherited)",
				);
				GCC_WARN_64_TO_32_BIT_CONVERSION = YES;
				GCC_WARN_ABOUT_RETURN_TYPE = YES_ERROR;
				GCC_WARN_UNDECLARED_SELECTOR = YES;
				GCC_WARN_UNINITIALIZED_AUTOS = YES_AGGRESSIVE;
				GCC_WARN_UNUSED_FUNCTION = YES;
				GCC_WARN_UNUSED_VARIABLE = YES;
				IPHONEOS_DEPLOYMENT_TARGET = 13.1;
				MTL_ENABLE_DEBUG_INFO = INCLUDE_SOURCE;
				MTL_FAST_MATH = YES;
				ONLY_ACTIVE_ARCH = YES;
				SDKROOT = iphoneos;
				SWIFT_ACTIVE_COMPILATION_CONDITIONS = DEBUG;
				SWIFT_OPTIMIZATION_LEVEL = "-Onone";
			};
			name = Debug;
		};
		BEAB38E3235DF6EF004BEDDF /* Release */ = {
			isa = XCBuildConfiguration;
			buildSettings = {
				ALWAYS_SEARCH_USER_PATHS = NO;
				CLANG_ANALYZER_NONNULL = YES;
				CLANG_ANALYZER_NUMBER_OBJECT_CONVERSION = YES_AGGRESSIVE;
				CLANG_CXX_LANGUAGE_STANDARD = "gnu++14";
				CLANG_CXX_LIBRARY = "libc++";
				CLANG_ENABLE_MODULES = YES;
				CLANG_ENABLE_OBJC_ARC = YES;
				CLANG_ENABLE_OBJC_WEAK = YES;
				CLANG_WARN_BLOCK_CAPTURE_AUTORELEASING = YES;
				CLANG_WARN_BOOL_CONVERSION = YES;
				CLANG_WARN_COMMA = YES;
				CLANG_WARN_CONSTANT_CONVERSION = YES;
				CLANG_WARN_DEPRECATED_OBJC_IMPLEMENTATIONS = YES;
				CLANG_WARN_DIRECT_OBJC_ISA_USAGE = YES_ERROR;
				CLANG_WARN_DOCUMENTATION_COMMENTS = YES;
				CLANG_WARN_EMPTY_BODY = YES;
				CLANG_WARN_ENUM_CONVERSION = YES;
				CLANG_WARN_INFINITE_RECURSION = YES;
				CLANG_WARN_INT_CONVERSION = YES;
				CLANG_WARN_NON_LITERAL_NULL_CONVERSION = YES;
				CLANG_WARN_OBJC_IMPLICIT_RETAIN_SELF = YES;
				CLANG_WARN_OBJC_LITERAL_CONVERSION = YES;
				CLANG_WARN_OBJC_ROOT_CLASS = YES_ERROR;
				CLANG_WARN_RANGE_LOOP_ANALYSIS = YES;
				CLANG_WARN_STRICT_PROTOTYPES = YES;
				CLANG_WARN_SUSPICIOUS_MOVE = YES;
				CLANG_WARN_UNGUARDED_AVAILABILITY = YES_AGGRESSIVE;
				CLANG_WARN_UNREACHABLE_CODE = YES;
				CLANG_WARN__DUPLICATE_METHOD_MATCH = YES;
				COPY_PHASE_STRIP = NO;
				DEBUG_INFORMATION_FORMAT = "dwarf-with-dsym";
				ENABLE_NS_ASSERTIONS = NO;
				ENABLE_STRICT_OBJC_MSGSEND = YES;
				GCC_C_LANGUAGE_STANDARD = gnu11;
				GCC_NO_COMMON_BLOCKS = YES;
				GCC_WARN_64_TO_32_BIT_CONVERSION = YES;
				GCC_WARN_ABOUT_RETURN_TYPE = YES_ERROR;
				GCC_WARN_UNDECLARED_SELECTOR = YES;
				GCC_WARN_UNINITIALIZED_AUTOS = YES_AGGRESSIVE;
				GCC_WARN_UNUSED_FUNCTION = YES;
				GCC_WARN_UNUSED_VARIABLE = YES;
				IPHONEOS_DEPLOYMENT_TARGET = 13.1;
				MTL_ENABLE_DEBUG_INFO = NO;
				MTL_FAST_MATH = YES;
				SDKROOT = iphoneos;
				SWIFT_COMPILATION_MODE = wholemodule;
				SWIFT_OPTIMIZATION_LEVEL = "-O";
				VALIDATE_PRODUCT = YES;
			};
			name = Release;
		};
		BEAB38E5235DF6EF004BEDDF /* Debug */ = {
			isa = XCBuildConfiguration;
			buildSettings = {
				ASSETCATALOG_COMPILER_APPICON_NAME = AppIcon;
				CODE_SIGN_STYLE = Automatic;
				DEVELOPMENT_TEAM = 628VHCD76G;
				INFOPLIST_FILE = EventTracker/Info.plist;
				LD_RUNPATH_SEARCH_PATHS = (
					"$(inherited)",
					"@executable_path/Frameworks",
				);
				PRODUCT_BUNDLE_IDENTIFIER = com.example.EventTracker;
				PRODUCT_NAME = "$(TARGET_NAME)";
				SWIFT_VERSION = 5.0;
				TARGETED_DEVICE_FAMILY = "1,2";
			};
			name = Debug;
		};
		BEAB38E6235DF6EF004BEDDF /* Release */ = {
			isa = XCBuildConfiguration;
			buildSettings = {
				ASSETCATALOG_COMPILER_APPICON_NAME = AppIcon;
				CODE_SIGN_STYLE = Automatic;
				DEVELOPMENT_TEAM = 628VHCD76G;
				INFOPLIST_FILE = EventTracker/Info.plist;
				LD_RUNPATH_SEARCH_PATHS = (
					"$(inherited)",
					"@executable_path/Frameworks",
				);
				PRODUCT_BUNDLE_IDENTIFIER = com.example.EventTracker;
				PRODUCT_NAME = "$(TARGET_NAME)";
				SWIFT_VERSION = 5.0;
				TARGETED_DEVICE_FAMILY = "1,2";
			};
			name = Release;
		};
/* End XCBuildConfiguration section */

/* Begin XCConfigurationList section */
		BEAB38C8235DF6EB004BEDDF /* Build configuration list for PBXProject "EventTracker" */ = {
			isa = XCConfigurationList;
			buildConfigurations = (
				BEAB38E2235DF6EF004BEDDF /* Debug */,
				BEAB38E3235DF6EF004BEDDF /* Release */,
			);
			defaultConfigurationIsVisible = 0;
			defaultConfigurationName = Release;
		};
		BEAB38E4235DF6EF004BEDDF /* Build configuration list for PBXNativeTarget "EventTracker" */ = {
			isa = XCConfigurationList;
			buildConfigurations = (
				BEAB38E5235DF6EF004BEDDF /* Debug */,
				BEAB38E6235DF6EF004BEDDF /* Release */,
			);
			defaultConfigurationIsVisible = 0;
			defaultConfigurationName = Release;
		};
/* End XCConfigurationList section */

/* Begin XCVersionGroup section */
		BEAB38D9235DF6EB004BEDDF /* EventTracker.xcdatamodeld */ = {
			isa = XCVersionGroup;
			children = (
				BEAB38DA235DF6EB004BEDDF /* EventTracker.xcdatamodel */,
			);
			currentVersion = BEAB38DA235DF6EB004BEDDF /* EventTracker.xcdatamodel */;
			path = EventTracker.xcdatamodeld;
			sourceTree = "<group>";
			versionGroupType = wrapper.xcdatamodel;
		};
/* End XCVersionGroup section */
	};
	rootObject = BEAB38C5235DF6EB004BEDDF /* Project object */;
}
